Microsoft Visual Studio Solution File, Format Version 11.00
# Visual Studio 2008

Project("{8BA9C8BB-7D39-4F25-A0F8-197893E55C8F}") = "UnderWaterSquad", "Assembly-CSharp.csproj", "{47E7BA85-D6CB-29AE-35EB-FA1BFB7D8580}"
EndProject
Project("{8BA9C8BB-7D39-4F25-A0F8-197893E55C8F}") = "UnderWaterSquad", "Assembly-CSharp-Editor.csproj", "{1B421D93-96BD-31A1-13C0-D570C1253D9E}"
EndProject
Global
	GlobalSection(SolutionConfigurationPlatforms) = preSolution
		Debug|Any CPU = Debug|Any CPU
		Release|Any CPU = Release|Any CPU
	EndGlobalSection
	GlobalSection(ProjectConfigurationPlatforms) = postSolution
		{47E7BA85-D6CB-29AE-35EB-FA1BFB7D8580}.Debug|Any CPU.ActiveCfg = Debug|Any CPU
		{47E7BA85-D6CB-29AE-35EB-FA1BFB7D8580}.Debug|Any CPU.Build.0 = Debug|Any CPU
		{47E7BA85-D6CB-29AE-35EB-FA1BFB7D8580}.Release|Any CPU.ActiveCfg = Release|Any CPU
		{47E7BA85-D6CB-29AE-35EB-FA1BFB7D8580}.Release|Any CPU.Build.0 = Release|Any CPU
		{1B421D93-96BD-31A1-13C0-D570C1253D9E}.Debug|Any CPU.ActiveCfg = Debug|Any CPU
		{1B421D93-96BD-31A1-13C0-D570C1253D9E}.Debug|Any CPU.Build.0 = Debug|Any CPU
		{1B421D93-96BD-31A1-13C0-D570C1253D9E}.Release|Any CPU.ActiveCfg = Release|Any CPU
		{1B421D93-96BD-31A1-13C0-D570C1253D9E}.Release|Any CPU.Build.0 = Release|Any CPU
	EndGlobalSection
	GlobalSection(SolutionProperties) = preSolution
		HideSolutionNode = FALSE
	EndGlobalSection
																																								GlobalSection(MonoDevelopProperties) = preSolution
		StartupItem = Assembly-CSharp.csproj
		Policies = $0
		$0.TextStylePolicy = $1
		$1.inheritsSet = null
		$1.scope = text/x-csharp
		$0.CSharpFormattingPolicy = $2
		$2.inheritsSet = Mono
		$2.inheritsScope = text/x-csharp
		$2.scope = text/x-csharp
		$0.TextStylePolicy = $3
		$3.FileWidth = 120
		$3.TabWidth = 4
		$3.IndentWidth = 4
		$3.EolMarker = Unix
		$3.inheritsSet = Mono
		$3.inheritsScope = text/plain
		$3.scope = text/plain
	EndGlobalSection

EndGlobal
